<Solution>
  <Project Path="Fitnet.AppHost/Fitnet.AppHost.csproj" />
  <Project Path="Fitnet.ArchitectureTests\Fitnet.ArchitectureTests.csproj" />
  <Project Path="Fitnet.IntegrationTests\Fitnet.IntegrationTests.csproj" />
  <Project Path="Fitnet.UnitTests\Fitnet.UnitTests.csproj" />
  <Project Path="Fitnet\Fitnet.csproj" />
  <Project Path="Modules/ReportsModule/ReportsModule.Application/ReportsModule.Application.csproj" />
  <Project Path="Modules/ReportsModule/ReportsModule.Domain/ReportsModule.Domain.csproj" Id="c88da64a-8c7f-41e3-9d21-af31ba5c77c2" />
  <Project Path="Modules/ReportsModule/ReportsModule.Infrastructure/ReportsModule.Infrastructure.csproj" />
</Solution>